// !$*UTF8*$!
{
	archiveVersion = 1;
	classes = {
	};
	objectVersion = 55;
	objects = {

/* Begin PBXBuildFile section */
		1F88AE122874B3090028362D /* AppDelegate.swift in Sources */ = {isa = PBXBuildFile; fileRef = 1F88AE112874B3090028362D /* AppDelegate.swift */; };
		1F88AE142874B3090028362D /* ViewController.swift in Sources */ = {isa = PBXBuildFile; fileRef = 1F88AE132874B3090028362D /* ViewController.swift */; };
		1F88AE162874B30C0028362D /* Assets.xcassets in Resources */ = {isa = PBXBuildFile; fileRef = 1F88AE152874B30C0028362D /* Assets.xcassets */; };
		1F88AE192874B30C0028362D /* Main.storyboard in Resources */ = {isa = PBXBuildFile; fileRef = 1F88AE172874B30C0028362D /* Main.storyboard */; };
		1F88AE242874B30C0028362D /* iOS_Localization_macOS_APPTests.swift in Sources */ = {isa = PBXBuildFile; fileRef = 1F88AE232874B30C0028362D /* iOS_Localization_macOS_APPTests.swift */; };
		1F88AE2E2874B30C0028362D /* iOS_Localization_macOS_APPUITests.swift in Sources */ = {isa = PBXBuildFile; fileRef = 1F88AE2D2874B30C0028362D /* iOS_Localization_macOS_APPUITests.swift */; };
		1F88AE302874B30C0028362D /* iOS_Localization_macOS_APPUITestsLaunchTests.swift in Sources */ = {isa = PBXBuildFile; fileRef = 1F88AE2F2874B30C0028362D /* iOS_Localization_macOS_APPUITestsLaunchTests.swift */; };
/* End PBXBuildFile section */

/* Begin PBXContainerItemProxy section */
		1F88AE202874B30C0028362D /* PBXContainerItemProxy */ = {
			isa = PBXContainerItemProxy;
			containerPortal = 1F88AE062874B3090028362D /* Project object */;
			proxyType = 1;
			remoteGlobalIDString = 1F88AE0D2874B3090028362D;
			remoteInfo = "iOS-Localization-macOS-APP";
		};
		1F88AE2A2874B30C0028362D /* PBXContainerItemProxy */ = {
			isa = PBXContainerItemProxy;
			containerPortal = 1F88AE062874B3090028362D /* Project object */;
			proxyType = 1;
			remoteGlobalIDString = 1F88AE0D2874B3090028362D;
			remoteInfo = "iOS-Localization-macOS-APP";
		};
/* End PBXContainerItemProxy section */

/* Begin PBXFileReference section */
		1F88AE0E2874B3090028362D /* iOS-Localization-macOS-APP.app */ = {isa = PBXFileReference; explicitFileType = wrapper.application; includeInIndex = 0; path = "iOS-Localization-macOS-APP.app"; sourceTree = BUILT_PRODUCTS_DIR; };
		1F88AE112874B3090028362D /* AppDelegate.swift */ = {isa = PBXFileReference; lastKnownFileType = sourcecode.swift; path = AppDelegate.swift; sourceTree = "<group>"; };
		1F88AE132874B3090028362D /* ViewController.swift */ = {isa = PBXFileReference; lastKnownFileType = sourcecode.swift; path = ViewController.swift; sourceTree = "<group>"; };
		1F88AE152874B30C0028362D /* Assets.xcassets */ = {isa = PBXFileReference; lastKnownFileType = folder.assetcatalog; path = Assets.xcassets; sourceTree = "<group>"; };
		1F88AE182874B30C0028362D /* Base */ = {isa = PBXFileReference; lastKnownFileType = file.storyboard; name = Base; path = Base.lproj/Main.storyboard; sourceTree = "<group>"; };
		1F88AE1A2874B30C0028362D /* iOS_Localization_macOS_APP.entitlements */ = {isa = PBXFileReference; lastKnownFileType = text.plist.entitlements; path = iOS_Localization_macOS_APP.entitlements; sourceTree = "<group>"; };
		1F88AE1F2874B30C0028362D /* iOS-Localization-macOS-APPTests.xctest */ = {isa = PBXFileReference; explicitFileType = wrapper.cfbundle; includeInIndex = 0; path = "iOS-Localization-macOS-APPTests.xctest"; sourceTree = BUILT_PRODUCTS_DIR; };
		1F88AE232874B30C0028362D /* iOS_Localization_macOS_APPTests.swift */ = {isa = PBXFileReference; lastKnownFileType = sourcecode.swift; path = iOS_Localization_macOS_APPTests.swift; sourceTree = "<group>"; };
		1F88AE292874B30C0028362D /* iOS-Localization-macOS-APPUITests.xctest */ = {isa = PBXFileReference; explicitFileType = wrapper.cfbundle; includeInIndex = 0; path = "iOS-Localization-macOS-APPUITests.xctest"; sourceTree = BUILT_PRODUCTS_DIR; };
		1F88AE2D2874B30C0028362D /* iOS_Localization_macOS_APPUITests.swift */ = {isa = PBXFileReference; lastKnownFileType = sourcecode.swift; path = iOS_Localization_macOS_APPUITests.swift; sourceTree = "<group>"; };
		1F88AE2F2874B30C0028362D /* iOS_Localization_macOS_APPUITestsLaunchTests.swift */ = {isa = PBXFileReference; lastKnownFileType = sourcecode.swift; path = iOS_Localization_macOS_APPUITestsLaunchTests.swift; sourceTree = "<group>"; };
/* End PBXFileReference section */

/* Begin PBXFrameworksBuildPhase section */
		1F88AE0B2874B3090028362D /* Frameworks */ = {
			isa = PBXFrameworksBuildPhase;
			buildActionMask = 2147483647;
			files = (
			);
			runOnlyForDeploymentPostprocessing = 0;
		};
		1F88AE1C2874B30C0028362D /* Frameworks */ = {
			isa = PBXFrameworksBuildPhase;
			buildActionMask = 2147483647;
			files = (
			);
			runOnlyForDeploymentPostprocessing = 0;
		};
		1F88AE262874B30C0028362D /* Frameworks */ = {
			isa = PBXFrameworksBuildPhase;
			buildActionMask = 2147483647;
			files = (
			);
			runOnlyForDeploymentPostprocessing = 0;
		};
/* End PBXFrameworksBuildPhase section */

/* Begin PBXGroup section */
		1F88AE052874B3090028362D = {
			isa = PBXGroup;
			children = (
				1F88AE102874B3090028362D /* iOS-Localization-macOS-APP */,
				1F88AE222874B30C0028362D /* iOS-Localization-macOS-APPTests */,
				1F88AE2C2874B30C0028362D /* iOS-Localization-macOS-APPUITests */,
				1F88AE0F2874B3090028362D /* Products */,
			);
			sourceTree = "<group>";
		};
		1F88AE0F2874B3090028362D /* Products */ = {
			isa = PBXGroup;
			children = (
				1F88AE0E2874B3090028362D /* iOS-Localization-macOS-APP.app */,
				1F88AE1F2874B30C0028362D /* iOS-Localization-macOS-APPTests.xctest */,
				1F88AE292874B30C0028362D /* iOS-Localization-macOS-APPUITests.xctest */,
			);
			name = Products;
			sourceTree = "<group>";
		};
		1F88AE102874B3090028362D /* iOS-Localization-macOS-APP */ = {
			isa = PBXGroup;
			children = (
				1F88AE112874B3090028362D /* AppDelegate.swift */,
				1F88AE132874B3090028362D /* ViewController.swift */,
				1F88AE152874B30C0028362D /* Assets.xcassets */,
				1F88AE172874B30C0028362D /* Main.storyboard */,
				1F88AE1A2874B30C0028362D /* iOS_Localization_macOS_APP.entitlements */,
			);
			path = "iOS-Localization-macOS-APP";
			sourceTree = "<group>";
		};
		1F88AE222874B30C0028362D /* iOS-Localization-macOS-APPTests */ = {
			isa = PBXGroup;
			children = (
				1F88AE232874B30C0028362D /* iOS_Localization_macOS_APPTests.swift */,
			);
			path = "iOS-Localization-macOS-APPTests";
			sourceTree = "<group>";
		};
		1F88AE2C2874B30C0028362D /* iOS-Localization-macOS-APPUITests */ = {
			isa = PBXGroup;
			children = (
				1F88AE2D2874B30C0028362D /* iOS_Localization_macOS_APPUITests.swift */,
				1F88AE2F2874B30C0028362D /* iOS_Localization_macOS_APPUITestsLaunchTests.swift */,
			);
			path = "iOS-Localization-macOS-APPUITests";
			sourceTree = "<group>";
		};
/* End PBXGroup section */

/* Begin PBXNativeTarget section */
		1F88AE0D2874B3090028362D /* iOS-Localization-macOS-APP */ = {
			isa = PBXNativeTarget;
			buildConfigurationList = 1F88AE332874B30C0028362D /* Build configuration list for PBXNativeTarget "iOS-Localization-macOS-APP" */;
			buildPhases = (
				1F88AE0A2874B3090028362D /* Sources */,
				1F88AE0B2874B3090028362D /* Frameworks */,
				1F88AE0C2874B3090028362D /* Resources */,
			);
			buildRules = (
			);
			dependencies = (
			);
			name = "iOS-Localization-macOS-APP";
			productName = "iOS-Localization-macOS-APP";
			productReference = 1F88AE0E2874B3090028362D /* iOS-Localization-macOS-APP.app */;
			productType = "com.apple.product-type.application";
		};
		1F88AE1E2874B30C0028362D /* iOS-Localization-macOS-APPTests */ = {
			isa = PBXNativeTarget;
			buildConfigurationList = 1F88AE362874B30C0028362D /* Build configuration list for PBXNativeTarget "iOS-Localization-macOS-APPTests" */;
			buildPhases = (
				1F88AE1B2874B30C0028362D /* Sources */,
				1F88AE1C2874B30C0028362D /* Frameworks */,
				1F88AE1D2874B30C0028362D /* Resources */,
			);
			buildRules = (
			);
			dependencies = (
				1F88AE212874B30C0028362D /* PBXTargetDependency */,
			);
			name = "iOS-Localization-macOS-APPTests";
			productName = "iOS-Localization-macOS-APPTests";
			productReference = 1F88AE1F2874B30C0028362D /* iOS-Localization-macOS-APPTests.xctest */;
			productType = "com.apple.product-type.bundle.unit-test";
		};
		1F88AE282874B30C0028362D /* iOS-Localization-macOS-APPUITests */ = {
			isa = PBXNativeTarget;
			buildConfigurationList = 1F88AE392874B30C0028362D /* Build configuration list for PBXNativeTarget "iOS-Localization-macOS-APPUITests" */;
			buildPhases = (
				1F88AE252874B30C0028362D /* Sources */,
				1F88AE262874B30C0028362D /* Frameworks */,
				1F88AE272874B30C0028362D /* Resources */,
			);
			buildRules = (
			);
			dependencies = (
				1F88AE2B2874B30C0028362D /* PBXTargetDependency */,
			);
			name = "iOS-Localization-macOS-APPUITests";
			productName = "iOS-Localization-macOS-APPUITests";
			productReference = 1F88AE292874B30C0028362D /* iOS-Localization-macOS-APPUITests.xctest */;
			productType = "com.apple.product-type.bundle.ui-testing";
		};
/* End PBXNativeTarget section */

/* Begin PBXProject section */
		1F88AE062874B3090028362D /* Project object */ = {
			isa = PBXProject;
			attributes = {
				BuildIndependentTargetsInParallel = 1;
				LastSwiftUpdateCheck = 1340;
				LastUpgradeCheck = 1340;
				TargetAttributes = {
					1F88AE0D2874B3090028362D = {
						CreatedOnToolsVersion = 13.4.1;
					};
					1F88AE1E2874B30C0028362D = {
						CreatedOnToolsVersion = 13.4.1;
						TestTargetID = 1F88AE0D2874B3090028362D;
					};
					1F88AE282874B30C0028362D = {
						CreatedOnToolsVersion = 13.4.1;
						TestTargetID = 1F88AE0D2874B3090028362D;
					};
				};
			};
			buildConfigurationList = 1F88AE092874B3090028362D /* Build configuration list for PBXProject "iOS-Localization-macOS-APP" */;
			compatibilityVersion = "Xcode 13.0";
			developmentRegion = en;
			hasScannedForEncodings = 0;
			knownRegions = (
				en,
				Base,
			);
			mainGroup = 1F88AE052874B3090028362D;
			productRefGroup = 1F88AE0F2874B3090028362D /* Products */;
			projectDirPath = "";
			projectRoot = "";
			targets = (
				1F88AE0D2874B3090028362D /* iOS-Localization-macOS-APP */,
				1F88AE1E2874B30C0028362D /* iOS-Localization-macOS-APPTests */,
				1F88AE282874B30C0028362D /* iOS-Localization-macOS-APPUITests */,
			);
		};
/* End PBXProject section */

/* Begin PBXResourcesBuildPhase section */
		1F88AE0C2874B3090028362D /* Resources */ = {
			isa = PBXResourcesBuildPhase;
			buildActionMask = 2147483647;
			files = (
				1F88AE162874B30C0028362D /* Assets.xcassets in Resources */,
				1F88AE192874B30C0028362D /* Main.storyboard in Resources */,
			);
			runOnlyForDeploymentPostprocessing = 0;
		};
		1F88AE1D2874B30C0028362D /* Resources */ = {
			isa = PBXResourcesBuildPhase;
			buildActionMask = 2147483647;
			files = (
			);
			runOnlyForDeploymentPostprocessing = 0;
		};
		1F88AE272874B30C0028362D /* Resources */ = {
			isa = PBXResourcesBuildPhase;
			buildActionMask = 2147483647;
			files = (
			);
			runOnlyForDeploymentPostprocessing = 0;
		};
/* End PBXResourcesBuildPhase section */

/* Begin PBXSourcesBuildPhase section */
		1F88AE0A2874B3090028362D /* Sources */ = {
			isa = PBXSourcesBuildPhase;
			buildActionMask = 2147483647;
			files = (
				1F88AE142874B3090028362D /* ViewController.swift in Sources */,
				1F88AE122874B3090028362D /* AppDelegate.swift in Sources */,
			);
			runOnlyForDeploymentPostprocessing = 0;
		};
		1F88AE1B2874B30C0028362D /* Sources */ = {
			isa = PBXSourcesBuildPhase;
			buildActionMask = 2147483647;
			files = (
				1F88AE242874B30C0028362D /* iOS_Localization_macOS_APPTests.swift in Sources */,
			);
			runOnlyForDeploymentPostprocessing = 0;
		};
		1F88AE252874B30C0028362D /* Sources */ = {
			isa = PBXSourcesBuildPhase;
			buildActionMask = 2147483647;
			files = (
				1F88AE2E2874B30C0028362D /* iOS_Localization_macOS_APPUITests.swift in Sources */,
				1F88AE302874B30C0028362D /* iOS_Localization_macOS_APPUITestsLaunchTests.swift in Sources */,
			);
			runOnlyForDeploymentPostprocessing = 0;
		};
/* End PBXSourcesBuildPhase section */

/* Begin PBXTargetDependency section */
		1F88AE212874B30C0028362D /* PBXTargetDependency */ = {
			isa = PBXTargetDependency;
			target = 1F88AE0D2874B3090028362D /* iOS-Localization-macOS-APP */;
			targetProxy = 1F88AE202874B30C0028362D /* PBXContainerItemProxy */;
		};
		1F88AE2B2874B30C0028362D /* PBXTargetDependency */ = {
			isa = PBXTargetDependency;
			target = 1F88AE0D2874B3090028362D /* iOS-Localization-macOS-APP */;
			targetProxy = 1F88AE2A2874B30C0028362D /* PBXContainerItemProxy */;
		};
/* End PBXTargetDependency section */

/* Begin PBXVariantGroup section */
		1F88AE172874B30C0028362D /* Main.storyboard */ = {
			isa = PBXVariantGroup;
			children = (
				1F88AE182874B30C0028362D /* Base */,
			);
			name = Main.storyboard;
			sourceTree = "<group>";
		};
/* End PBXVariantGroup section */

/* Begin XCBuildConfiguration section */
		1F88AE312874B30C0028362D /* Debug */ = {
			isa = XCBuildConfiguration;
			buildSettings = {
				ALWAYS_SEARCH_USER_PATHS = NO;
				CLANG_ANALYZER_NONNULL = YES;
				CLANG_ANALYZER_NUMBER_OBJECT_CONVERSION = YES_AGGRESSIVE;
				CLANG_CXX_LANGUAGE_STANDARD = "gnu++17";
				CLANG_ENABLE_MODULES = YES;
				CLANG_ENABLE_OBJC_ARC = YES;
				CLANG_ENABLE_OBJC_WEAK = YES;
				CLANG_WARN_BLOCK_CAPTURE_AUTORELEASING = YES;
				CLANG_WARN_BOOL_CONVERSION = YES;
				CLANG_WARN_COMMA = YES;
				CLANG_WARN_CONSTANT_CONVERSION = YES;
				CLANG_WARN_DEPRECATED_OBJC_IMPLEMENTATIONS = YES;
				CLANG_WARN_DIRECT_OBJC_ISA_USAGE = YES_ERROR;
				CLANG_WARN_DOCUMENTATION_COMMENTS = YES;
				CLANG_WARN_EMPTY_BODY = YES;
				CLANG_WARN_ENUM_CONVERSION = YES;
				CLANG_WARN_INFINITE_RECURSION = YES;
				CLANG_WARN_INT_CONVERSION = YES;
				CLANG_WARN_NON_LITERAL_NULL_CONVERSION = YES;
				CLANG_WARN_OBJC_IMPLICIT_RETAIN_SELF = YES;
				CLANG_WARN_OBJC_LITERAL_CONVERSION = YES;
				CLANG_WARN_OBJC_ROOT_CLASS = YES_ERROR;
				CLANG_WARN_QUOTED_INCLUDE_IN_FRAMEWORK_HEADER = YES;
				CLANG_WARN_RANGE_LOOP_ANALYSIS = YES;
				CLANG_WARN_STRICT_PROTOTYPES = YES;
				CLANG_WARN_SUSPICIOUS_MOVE = YES;
				CLANG_WARN_UNGUARDED_AVAILABILITY = YES_AGGRESSIVE;
				CLANG_WARN_UNREACHABLE_CODE = YES;
				CLANG_WARN__DUPLICATE_METHOD_MATCH = YES;
				COPY_PHASE_STRIP = NO;
				DEBUG_INFORMATION_FORMAT = dwarf;
				ENABLE_STRICT_OBJC_MSGSEND = YES;
				ENABLE_TESTABILITY = YES;
				GCC_C_LANGUAGE_STANDARD = gnu11;
				GCC_DYNAMIC_NO_PIC = NO;
				GCC_NO_COMMON_BLOCKS = YES;
				GCC_OPTIMIZATION_LEVEL = 0;
				GCC_PREPROCESSOR_DEFINITIONS = (
					"DEBUG=1",
					"$(inherited)",
				);
				GCC_WARN_64_TO_32_BIT_CONVERSION = YES;
				GCC_WARN_ABOUT_RETURN_TYPE = YES_ERROR;
				GCC_WARN_UNDECLARED_SELECTOR = YES;
				GCC_WARN_UNINITIALIZED_AUTOS = YES_AGGRESSIVE;
				GCC_WARN_UNUSED_FUNCTION = YES;
				GCC_WARN_UNUSED_VARIABLE = YES;
				MACOSX_DEPLOYMENT_TARGET = 12.3;
				MTL_ENABLE_DEBUG_INFO = INCLUDE_SOURCE;
				MTL_FAST_MATH = YES;
				ONLY_ACTIVE_ARCH = YES;
				SDKROOT = macosx;
				SWIFT_ACTIVE_COMPILATION_CONDITIONS = DEBUG;
				SWIFT_OPTIMIZATION_LEVEL = "-Onone";
			};
			name = Debug;
		};
		1F88AE322874B30C0028362D /* Release */ = {
			isa = XCBuildConfiguration;
			buildSettings = {
				ALWAYS_SEARCH_USER_PATHS = NO;
				CLANG_ANALYZER_NONNULL = YES;
				CLANG_ANALYZER_NUMBER_OBJECT_CONVERSION = YES_AGGRESSIVE;
				CLANG_CXX_LANGUAGE_STANDARD = "gnu++17";
				CLANG_ENABLE_MODULES = YES;
				CLANG_ENABLE_OBJC_ARC = YES;
				CLANG_ENABLE_OBJC_WEAK = YES;
				CLANG_WARN_BLOCK_CAPTURE_AUTORELEASING = YES;
				CLANG_WARN_BOOL_CONVERSION = YES;
				CLANG_WARN_COMMA = YES;
				CLANG_WARN_CONSTANT_CONVERSION = YES;
				CLANG_WARN_DEPRECATED_OBJC_IMPLEMENTATIONS = YES;
				CLANG_WARN_DIRECT_OBJC_ISA_USAGE = YES_ERROR;
				CLANG_WARN_DOCUMENTATION_COMMENTS = YES;
				CLANG_WARN_EMPTY_BODY = YES;
				CLANG_WARN_ENUM_CONVERSION = YES;
				CLANG_WARN_INFINITE_RECURSION = YES;
				CLANG_WARN_INT_CONVERSION = YES;
				CLANG_WARN_NON_LITERAL_NULL_CONVERSION = YES;
				CLANG_WARN_OBJC_IMPLICIT_RETAIN_SELF = YES;
				CLANG_WARN_OBJC_LITERAL_CONVERSION = YES;
				CLANG_WARN_OBJC_ROOT_CLASS = YES_ERROR;
				CLANG_WARN_QUOTED_INCLUDE_IN_FRAMEWORK_HEADER = YES;
				CLANG_WARN_RANGE_LOOP_ANALYSIS = YES;
				CLANG_WARN_STRICT_PROTOTYPES = YES;
				CLANG_WARN_SUSPICIOUS_MOVE = YES;
				CLANG_WARN_UNGUARDED_AVAILABILITY = YES_AGGRESSIVE;
				CLANG_WARN_UNREACHABLE_CODE = YES;
				CLANG_WARN__DUPLICATE_METHOD_MATCH = YES;
				COPY_PHASE_STRIP = NO;
				DEBUG_INFORMATION_FORMAT = "dwarf-with-dsym";
				ENABLE_NS_ASSERTIONS = NO;
				ENABLE_STRICT_OBJC_MSGSEND = YES;
				GCC_C_LANGUAGE_STANDARD = gnu11;
				GCC_NO_COMMON_BLOCKS = YES;
				GCC_WARN_64_TO_32_BIT_CONVERSION = YES;
				GCC_WARN_ABOUT_RETURN_TYPE = YES_ERROR;
				GCC_WARN_UNDECLARED_SELECTOR = YES;
				GCC_WARN_UNINITIALIZED_AUTOS = YES_AGGRESSIVE;
				GCC_WARN_UNUSED_FUNCTION = YES;
				GCC_WARN_UNUSED_VARIABLE = YES;
				MACOSX_DEPLOYMENT_TARGET = 12.3;
				MTL_ENABLE_DEBUG_INFO = NO;
				MTL_FAST_MATH = YES;
				SDKROOT = macosx;
				SWIFT_COMPILATION_MODE = wholemodule;
				SWIFT_OPTIMIZATION_LEVEL = "-O";
			};
			name = Release;
		};
		1F88AE342874B30C0028362D /* Debug */ = {
			isa = XCBuildConfiguration;
			buildSettings = {
				ASSETCATALOG_COMPILER_APPICON_NAME = AppIcon;
				ASSETCATALOG_COMPILER_GLOBAL_ACCENT_COLOR_NAME = AccentColor;
				CODE_SIGN_ENTITLEMENTS = "iOS-Localization-macOS-APP/iOS_Localization_macOS_APP.entitlements";
				CODE_SIGN_STYLE = Automatic;
				COMBINE_HIDPI_IMAGES = YES;
				CURRENT_PROJECT_VERSION = 1;
				GENERATE_INFOPLIST_FILE = YES;
				INFOPLIST_KEY_NSHumanReadableCopyright = "";
				INFOPLIST_KEY_NSMainStoryboardFile = Main;
				INFOPLIST_KEY_NSPrincipalClass = NSApplication;
				LD_RUNPATH_SEARCH_PATHS = (
					"$(inherited)",
					"@executable_path/../Frameworks",
				);
				MARKETING_VERSION = 1.0;
				PRODUCT_BUNDLE_IDENTIFIER = "com.aria.iOS-Localization-macOS-APP";
				PRODUCT_NAME = "$(TARGET_NAME)";
				SWIFT_EMIT_LOC_STRINGS = YES;
				SWIFT_VERSION = 5.0;
			};
			name = Debug;
		};
		1F88AE352874B30C0028362D /* Release */ = {
			isa = XCBuildConfiguration;
			buildSettings = {
				ASSETCATALOG_COMPILER_APPICON_NAME = AppIcon;
				ASSETCATALOG_COMPILER_GLOBAL_ACCENT_COLOR_NAME = AccentColor;
				CODE_SIGN_ENTITLEMENTS = "iOS-Localization-macOS-APP/iOS_Localization_macOS_APP.entitlements";
				CODE_SIGN_STYLE = Automatic;
				COMBINE_HIDPI_IMAGES = YES;
				CURRENT_PROJECT_VERSION = 1;
				GENERATE_INFOPLIST_FILE = YES;
				INFOPLIST_KEY_NSHumanReadableCopyright = "";
				INFOPLIST_KEY_NSMainStoryboardFile = Main;
				INFOPLIST_KEY_NSPrincipalClass = NSApplication;
				LD_RUNPATH_SEARCH_PATHS = (
					"$(inherited)",
					"@executable_path/../Frameworks",
				);
				MARKETING_VERSION = 1.0;
				PRODUCT_BUNDLE_IDENTIFIER = "com.aria.iOS-Localization-macOS-APP";
				PRODUCT_NAME = "$(TARGET_NAME)";
				SWIFT_EMIT_LOC_STRINGS = YES;
				SWIFT_VERSION = 5.0;
			};
			name = Release;
		};
		1F88AE372874B30C0028362D /* Debug */ = {
			isa = XCBuildConfiguration;
			buildSettings = {
				ALWAYS_EMBED_SWIFT_STANDARD_LIBRARIES = YES;
				BUNDLE_LOADER = "$(TEST_HOST)";
				CODE_SIGN_STYLE = Automatic;
				CURRENT_PROJECT_VERSION = 1;
				GENERATE_INFOPLIST_FILE = YES;
				MACOSX_DEPLOYMENT_TARGET = 12.3;
				MARKETING_VERSION = 1.0;
				PRODUCT_BUNDLE_IDENTIFIER = "com.aria.iOS-Localization-macOS-APPTests";
				PRODUCT_NAME = "$(TARGET_NAME)";
				SWIFT_EMIT_LOC_STRINGS = NO;
				SWIFT_VERSION = 5.0;
				TEST_HOST = "$(BUILT_PRODUCTS_DIR)/iOS-Localization-macOS-APP.app/Contents/MacOS/iOS-Localization-macOS-APP";
			};
			name = Debug;
		};
		1F88AE382874B30C0028362D /* Release */ = {
			isa = XCBuildConfiguration;
			buildSettings = {
				ALWAYS_EMBED_SWIFT_STANDARD_LIBRARIES = YES;
				BUNDLE_LOADER = "$(TEST_HOST)";
				CODE_SIGN_STYLE = Automatic;
				CURRENT_PROJECT_VERSION = 1;
				GENERATE_INFOPLIST_FILE = YES;
				MACOSX_DEPLOYMENT_TARGET = 12.3;
				MARKETING_VERSION = 1.0;
				PRODUCT_BUNDLE_IDENTIFIER = "com.aria.iOS-Localization-macOS-APPTests";
				PRODUCT_NAME = "$(TARGET_NAME)";
				SWIFT_EMIT_LOC_STRINGS = NO;
				SWIFT_VERSION = 5.0;
				TEST_HOST = "$(BUILT_PRODUCTS_DIR)/iOS-Localization-macOS-APP.app/Contents/MacOS/iOS-Localization-macOS-APP";
			};
			name = Release;
		};
		1F88AE3A2874B30C0028362D /* Debug */ = {
			isa = XCBuildConfiguration;
			buildSettings = {
				ALWAYS_EMBED_SWIFT_STANDARD_LIBRARIES = YES;
				CODE_SIGN_STYLE = Automatic;
				CURRENT_PROJECT_VERSION = 1;
				GENERATE_INFOPLIST_FILE = YES;
				MARKETING_VERSION = 1.0;
				PRODUCT_BUNDLE_IDENTIFIER = "com.aria.iOS-Localization-macOS-APPUITests";
				PRODUCT_NAME = "$(TARGET_NAME)";
				SWIFT_EMIT_LOC_STRINGS = NO;
				SWIFT_VERSION = 5.0;
				TEST_TARGET_NAME = "iOS-Localization-macOS-APP";
			};
			name = Debug;
		};
		1F88AE3B2874B30C0028362D /* Release */ = {
			isa = XCBuildConfiguration;
			buildSettings = {
				ALWAYS_EMBED_SWIFT_STANDARD_LIBRARIES = YES;
				CODE_SIGN_STYLE = Automatic;
				CURRENT_PROJECT_VERSION = 1;
				GENERATE_INFOPLIST_FILE = YES;
				MARKETING_VERSION = 1.0;
				PRODUCT_BUNDLE_IDENTIFIER = "com.aria.iOS-Localization-macOS-APPUITests";
				PRODUCT_NAME = "$(TARGET_NAME)";
				SWIFT_EMIT_LOC_STRINGS = NO;
				SWIFT_VERSION = 5.0;
				TEST_TARGET_NAME = "iOS-Localization-macOS-APP";
			};
			name = Release;
		};
/* End XCBuildConfiguration section */

/* Begin XCConfigurationList section */
		1F88AE092874B3090028362D /* Build configuration list for PBXProject "iOS-Localization-macOS-APP" */ = {
			isa = XCConfigurationList;
			buildConfigurations = (
				1F88AE312874B30C0028362D /* Debug */,
				1F88AE322874B30C0028362D /* Release */,
			);
			defaultConfigurationIsVisible = 0;
			defaultConfigurationName = Release;
		};
		1F88AE332874B30C0028362D /* Build configuration list for PBXNativeTarget "iOS-Localization-macOS-APP" */ = {
			isa = XCConfigurationList;
			buildConfigurations = (
				1F88AE342874B30C0028362D /* Debug */,
				1F88AE352874B30C0028362D /* Release */,
			);
			defaultConfigurationIsVisible = 0;
			defaultConfigurationName = Release;
		};
		1F88AE362874B30C0028362D /* Build configuration list for PBXNativeTarget "iOS-Localization-macOS-APPTests" */ = {
			isa = XCConfigurationList;
			buildConfigurations = (
				1F88AE372874B30C0028362D /* Debug */,
				1F88AE382874B30C0028362D /* Release */,
			);
			defaultConfigurationIsVisible = 0;
			defaultConfigurationName = Release;
		};
		1F88AE392874B30C0028362D /* Build configuration list for PBXNativeTarget "iOS-Localization-macOS-APPUITests" */ = {
			isa = XCConfigurationList;
			buildConfigurations = (
				1F88AE3A2874B30C0028362D /* Debug */,
				1F88AE3B2874B30C0028362D /* Release */,
			);
			defaultConfigurationIsVisible = 0;
			defaultConfigurationName = Release;
		};
/* End XCConfigurationList section */
	};
	rootObject = 1F88AE062874B3090028362D /* Project object */;
}
